
Microsoft Visual Studio Solution File, Format Version 12.00
# Visual Studio Version 16
VisualStudioVersion = 16.0.810.19
MinimumVisualStudioVersion = 10.0.40219.1
Project("{FAE04EC0-301F-11D3-BF4B-00C04F79EFBC}") = "TwilioVideoRoom.Android", "TwilioVideoRoom.Android\TwilioVideoRoom.Android.csproj", "{DFD08607-12D5-462C-89F7-BC1D5AF2E1DF}"
EndProject
Project("{FAE04EC0-301F-11D3-BF4B-00C04F79EFBC}") = "TwilioVideoRoom.iOS", "TwilioVideoRoom.iOS\TwilioVideoRoom.iOS.csproj", "{74A976A9-1E20-4315-AC4A-37018634F6D6}"
EndProject
Project("{FAE04EC0-301F-11D3-BF4B-00C04F79EFBC}") = "TwilioVideoRoom", "TwilioVideoRoom\TwilioVideoRoom.csproj", "{20AFC799-6426-4659-86C2-F9A2EAB96511}"
EndProject
Project("{FAE04EC0-301F-11D3-BF4B-00C04F79EFBC}") = "AudioSwitch", "..\..\Desktop\src\AudioSwitch\AudioSwitch.csproj", "{A172C791-A665-4997-943F-F1AA0C51BEF4}"
EndProject
Project("{FAE04EC0-301F-11D3-BF4B-00C04F79EFBC}") = "Twilio.Video", "..\..\Desktop\src\Twilio.Video\Twilio.Video.csproj", "{2C22EDD1-0BB9-4402-BA10-4B31A482EC0F}"
EndProject
Global
	GlobalSection(SolutionConfigurationPlatforms) = preSolution
		Debug|Any CPU = Debug|Any CPU
		Release|Any CPU = Release|Any CPU
		Debug|iPhoneSimulator = Debug|iPhoneSimulator
		Release|iPhoneSimulator = Release|iPhoneSimulator
		Debug|iPhone = Debug|iPhone
		Release|iPhone = Release|iPhone
	EndGlobalSection
	GlobalSection(ProjectConfigurationPlatforms) = postSolution
		{DFD08607-12D5-462C-89F7-BC1D5AF2E1DF}.Debug|Any CPU.ActiveCfg = Debug|Any CPU
		{DFD08607-12D5-462C-89F7-BC1D5AF2E1DF}.Debug|Any CPU.Build.0 = Debug|Any CPU
		{DFD08607-12D5-462C-89F7-BC1D5AF2E1DF}.Release|Any CPU.ActiveCfg = Release|Any CPU
		{DFD08607-12D5-462C-89F7-BC1D5AF2E1DF}.Release|Any CPU.Build.0 = Release|Any CPU
		{DFD08607-12D5-462C-89F7-BC1D5AF2E1DF}.Debug|iPhoneSimulator.ActiveCfg = Debug|Any CPU
		{DFD08607-12D5-462C-89F7-BC1D5AF2E1DF}.Debug|iPhoneSimulator.Build.0 = Debug|Any CPU
		{DFD08607-12D5-462C-89F7-BC1D5AF2E1DF}.Release|iPhoneSimulator.ActiveCfg = Release|Any CPU
		{DFD08607-12D5-462C-89F7-BC1D5AF2E1DF}.Release|iPhoneSimulator.Build.0 = Release|Any CPU
		{DFD08607-12D5-462C-89F7-BC1D5AF2E1DF}.Debug|iPhone.ActiveCfg = Debug|Any CPU
		{DFD08607-12D5-462C-89F7-BC1D5AF2E1DF}.Debug|iPhone.Build.0 = Debug|Any CPU
		{DFD08607-12D5-462C-89F7-BC1D5AF2E1DF}.Release|iPhone.ActiveCfg = Release|Any CPU
		{DFD08607-12D5-462C-89F7-BC1D5AF2E1DF}.Release|iPhone.Build.0 = Release|Any CPU
		{74A976A9-1E20-4315-AC4A-37018634F6D6}.Debug|Any CPU.ActiveCfg = Debug|iPhoneSimulator
		{74A976A9-1E20-4315-AC4A-37018634F6D6}.Debug|Any CPU.Build.0 = Debug|iPhoneSimulator
		{74A976A9-1E20-4315-AC4A-37018634F6D6}.Release|Any CPU.ActiveCfg = Release|iPhoneSimulator
		{74A976A9-1E20-4315-AC4A-37018634F6D6}.Release|Any CPU.Build.0 = Release|iPhoneSimulator
		{74A976A9-1E20-4315-AC4A-37018634F6D6}.Debug|iPhoneSimulator.ActiveCfg = Debug|iPhoneSimulator
		{74A976A9-1E20-4315-AC4A-37018634F6D6}.Debug|iPhoneSimulator.Build.0 = Debug|iPhoneSimulator
		{74A976A9-1E20-4315-AC4A-37018634F6D6}.Release|iPhoneSimulator.ActiveCfg = Release|iPhoneSimulator
		{74A976A9-1E20-4315-AC4A-37018634F6D6}.Release|iPhoneSimulator.Build.0 = Release|iPhoneSimulator
		{74A976A9-1E20-4315-AC4A-37018634F6D6}.Debug|iPhone.ActiveCfg = Debug|iPhone
		{74A976A9-1E20-4315-AC4A-37018634F6D6}.Debug|iPhone.Build.0 = Debug|iPhone
		{74A976A9-1E20-4315-AC4A-37018634F6D6}.Release|iPhone.ActiveCfg = Release|iPhone
		{74A976A9-1E20-4315-AC4A-37018634F6D6}.Release|iPhone.Build.0 = Release|iPhone
		{20AFC799-6426-4659-86C2-F9A2EAB96511}.Debug|Any CPU.ActiveCfg = Debug|Any CPU
		{20AFC799-6426-4659-86C2-F9A2EAB96511}.Debug|Any CPU.Build.0 = Debug|Any CPU
		{20AFC799-6426-4659-86C2-F9A2EAB96511}.Release|Any CPU.ActiveCfg = Release|Any CPU
		{20AFC799-6426-4659-86C2-F9A2EAB96511}.Release|Any CPU.Build.0 = Release|Any CPU
		{20AFC799-6426-4659-86C2-F9A2EAB96511}.Debug|iPhoneSimulator.ActiveCfg = Debug|Any CPU
		{20AFC799-6426-4659-86C2-F9A2EAB96511}.Debug|iPhoneSimulator.Build.0 = Debug|Any CPU
		{20AFC799-6426-4659-86C2-F9A2EAB96511}.Release|iPhoneSimulator.ActiveCfg = Release|Any CPU
		{20AFC799-6426-4659-86C2-F9A2EAB96511}.Release|iPhoneSimulator.Build.0 = Release|Any CPU
		{20AFC799-6426-4659-86C2-F9A2EAB96511}.Debug|iPhone.ActiveCfg = Debug|Any CPU
		{20AFC799-6426-4659-86C2-F9A2EAB96511}.Debug|iPhone.Build.0 = Debug|Any CPU
		{20AFC799-6426-4659-86C2-F9A2EAB96511}.Release|iPhone.ActiveCfg = Release|Any CPU
		{20AFC799-6426-4659-86C2-F9A2EAB96511}.Release|iPhone.Build.0 = Release|Any CPU
		{A172C791-A665-4997-943F-F1AA0C51BEF4}.Debug|Any CPU.ActiveCfg = Debug|Any CPU
		{A172C791-A665-4997-943F-F1AA0C51BEF4}.Debug|Any CPU.Build.0 = Debug|Any CPU
		{A172C791-A665-4997-943F-F1AA0C51BEF4}.Release|Any CPU.ActiveCfg = Release|Any CPU
		{A172C791-A665-4997-943F-F1AA0C51BEF4}.Release|Any CPU.Build.0 = Release|Any CPU
		{A172C791-A665-4997-943F-F1AA0C51BEF4}.Debug|iPhoneSimulator.ActiveCfg = Debug|Any CPU
		{A172C791-A665-4997-943F-F1AA0C51BEF4}.Debug|iPhoneSimulator.Build.0 = Debug|Any CPU
		{A172C791-A665-4997-943F-F1AA0C51BEF4}.Release|iPhoneSimulator.ActiveCfg = Release|Any CPU
		{A172C791-A665-4997-943F-F1AA0C51BEF4}.Release|iPhoneSimulator.Build.0 = Release|Any CPU
		{A172C791-A665-4997-943F-F1AA0C51BEF4}.Debug|iPhone.ActiveCfg = Debug|Any CPU
		{A172C791-A665-4997-943F-F1AA0C51BEF4}.Debug|iPhone.Build.0 = Debug|Any CPU
		{A172C791-A665-4997-943F-F1AA0C51BEF4}.Release|iPhone.ActiveCfg = Release|Any CPU
		{A172C791-A665-4997-943F-F1AA0C51BEF4}.Release|iPhone.Build.0 = Release|Any CPU
		{2C22EDD1-0BB9-4402-BA10-4B31A482EC0F}.Debug|Any CPU.ActiveCfg = Debug|Any CPU
		{2C22EDD1-0BB9-4402-BA10-4B31A482EC0F}.Debug|Any CPU.Build.0 = Debug|Any CPU
		{2C22EDD1-0BB9-4402-BA10-4B31A482EC0F}.Release|Any CPU.ActiveCfg = Release|Any CPU
		{2C22EDD1-0BB9-4402-BA10-4B31A482EC0F}.Release|Any CPU.Build.0 = Release|Any CPU
		{2C22EDD1-0BB9-4402-BA10-4B31A482EC0F}.Debug|iPhoneSimulator.ActiveCfg = Debug|Any CPU
		{2C22EDD1-0BB9-4402-BA10-4B31A482EC0F}.Debug|iPhoneSimulator.Build.0 = Debug|Any CPU
		{2C22EDD1-0BB9-4402-BA10-4B31A482EC0F}.Release|iPhoneSimulator.ActiveCfg = Release|Any CPU
		{2C22EDD1-0BB9-4402-BA10-4B31A482EC0F}.Release|iPhoneSimulator.Build.0 = Release|Any CPU
		{2C22EDD1-0BB9-4402-BA10-4B31A482EC0F}.Debug|iPhone.ActiveCfg = Debug|Any CPU
		{2C22EDD1-0BB9-4402-BA10-4B31A482EC0F}.Debug|iPhone.Build.0 = Debug|Any CPU
		{2C22EDD1-0BB9-4402-BA10-4B31A482EC0F}.Release|iPhone.ActiveCfg = Release|Any CPU
		{2C22EDD1-0BB9-4402-BA10-4B31A482EC0F}.Release|iPhone.Build.0 = Release|Any CPU
	EndGlobalSection
	GlobalSection(SolutionProperties) = preSolution
		HideSolutionNode = FALSE
	EndGlobalSection
	GlobalSection(ExtensibilityGlobals) = postSolution
		SolutionGuid = {CC648C9E-C510-4F0D-8F6E-3C88A1BF3E38}
	EndGlobalSection
EndGlobal
